
Microsoft Visual Studio Solution File, Format Version 12.00
# Visual Studio Version 17
VisualStudioVersion = 17.8.34316.72
MinimumVisualStudioVersion = 10.0.40219.1
Project("{9A19103F-16F7-4668-BE54-9A1E7A4F7556}") = "TestAPIAllure", "TestAPIAllure\TestAPIAllure.csproj", "{F55F4602-2574-4795-ADA9-1300E028061B}"
EndProject
Project("{FAE04EC0-301F-11D3-BF4B-00C04F79EFBC}") = "TestAPIAllureTests", "TestAPIAllureTests\TestAPIAllureTests.csproj", "{0CB8CD0B-CBE9-4CBF-9F43-3C10D99D8B0A}"
EndProject
Global
	GlobalSection(SolutionConfigurationPlatforms) = preSolution
		Debug|Any CPU = Debug|Any CPU
		Release|Any CPU = Release|Any CPU
	EndGlobalSection
	GlobalSection(ProjectConfigurationPlatforms) = postSolution
		{F55F4602-2574-4795-ADA9-1300E028061B}.Debug|Any CPU.ActiveCfg = Debug|Any CPU
		{F55F4602-2574-4795-ADA9-1300E028061B}.Debug|Any CPU.Build.0 = Debug|Any CPU
		{F55F4602-2574-4795-ADA9-1300E028061B}.Release|Any CPU.ActiveCfg = Release|Any CPU
		{F55F4602-2574-4795-ADA9-1300E028061B}.Release|Any CPU.Build.0 = Release|Any CPU
		{0CB8CD0B-CBE9-4CBF-9F43-3C10D99D8B0A}.Debug|Any CPU.ActiveCfg = Debug|Any CPU
		{0CB8CD0B-CBE9-4CBF-9F43-3C10D99D8B0A}.Debug|Any CPU.Build.0 = Debug|Any CPU
		{0CB8CD0B-CBE9-4CBF-9F43-3C10D99D8B0A}.Release|Any CPU.ActiveCfg = Release|Any CPU
		{0CB8CD0B-CBE9-4CBF-9F43-3C10D99D8B0A}.Release|Any CPU.Build.0 = Release|Any CPU
	EndGlobalSection
	GlobalSection(SolutionProperties) = preSolution
		HideSolutionNode = FALSE
	EndGlobalSection
	GlobalSection(ExtensibilityGlobals) = postSolution
		SolutionGuid = {93854ABD-5FA5-46C7-BC57-8B1E12FF8260}
	EndGlobalSection
EndGlobal
